NeoBundleLock vim-endwise 96eb11755bb2d1a5583d44e9bcd10481bca45693
NeoBundleLock vim-indent-guides eec1b629dc4cfa3986d20f21d4b4489732cd3f5a
NeoBundleLock nerdtree 3b98a7fcae8f9fff356907171f0406ff8cd28921
NeoBundleLock neobundle.vim 679e1959515745b77d4123258ad7b6baee2399a0
NeoBundleLock neomru.vim 7df9999b841228661ff73909c5b9e34952331e22
NeoBundleLock tcomment_vim 5fc66e067a9450c493de65b60e53435491212201
NeoBundleLock unite.vim 22e1307fb6664192d3a6f526291282b8368438ed
